<?xml version="1.0" encoding="utf-8"?>
<Project ToolsVersion="4.0" xmlns="http://schemas.microsoft.com/developer/msbuild/2003">
  <ItemGroup>
    <Filter Include="Source Files">
      <UniqueIdentifier>{3ae90ac6-eb77-4ff3-a392-2ace20442753}</UniqueIdentifier>
      <Extensions>cpp;c;cxx;rc;def;r;odl;idl;hpj;bat;for;f90</Extensions>
    </Filter>
    <Filter Include="Header Files">
      <UniqueIdentifier>{a9b42b67-3e76-46b7-ab4a-3efaab6bbcb4}</UniqueIdentifier>
      <Extensions>h;hpp;hxx;hm;inl;fi;fd</Extensions>
    </Filter>
  </ItemGroup>
  <ItemGroup>
    <ClCompile Include="..\apps\InfoSupp.c">
      <Filter>Source Files</Filter>
    </ClCompile>
    <ClCompile Include="..\apps\omfDump.c">
      <Filter>Source Files</Filter>
    </ClCompile>
  </ItemGroup>
  <ItemGroup>
    <ClInclude Include="..\apps\InfoSupp.h">
      <Filter>Header Files</Filter>
    </ClInclude>
  </ItemGroup>
</Project>