<?xml version="1.0" encoding="utf-8"?>
<Project ToolsVersion="4.0" xmlns="http://schemas.microsoft.com/developer/msbuild/2003">
  <ItemGroup>
    <Filter Include="Source Files">
      <UniqueIdentifier>{bfc03366-959c-4ddc-95a3-b28a44e78a25}</UniqueIdentifier>
      <Extensions>cpp;c;cxx;rc;def;r;odl;idl;hpj;bat</Extensions>
    </Filter>
    <Filter Include="Header Files">
      <UniqueIdentifier>{120147b6-4fdf-410d-800c-a44b28fb54e0}</UniqueIdentifier>
      <Extensions>h;hpp;hxx;hm;inl</Extensions>
    </Filter>
  </ItemGroup>
  <ItemGroup>
    <ClCompile Include="..\bento\BufferIO.c">
      <Filter>Source Files</Filter>
    </ClCompile>
    <ClCompile Include="..\bento\CMCntOps.c">
      <Filter>Source Files</Filter>
    </ClCompile>
    <ClCompile Include="..\bento\CMDbgOps.c">
      <Filter>Source Files</Filter>
    </ClCompile>
    <ClCompile Include="..\bento\CMErrOps.c">
      <Filter>Source Files</Filter>
    </ClCompile>
    <ClCompile Include="..\bento\CMHndOps.c">
      <Filter>Source Files</Filter>
    </ClCompile>
    <ClCompile Include="..\bento\CMObjOps.c">
      <Filter>Source Files</Filter>
    </ClCompile>
    <ClCompile Include="..\bento\CMRefOps.c">
      <Filter>Source Files</Filter>
    </ClCompile>
    <ClCompile Include="..\bento\CMSesOps.c">
      <Filter>Source Files</Filter>
    </ClCompile>
    <ClCompile Include="..\bento\CMTPOps.c">
      <Filter>Source Files</Filter>
    </ClCompile>
    <ClCompile Include="..\bento\CMValOps.c">
      <Filter>Source Files</Filter>
    </ClCompile>
    <ClCompile Include="..\bento\CMVHOps.c">
      <Filter>Source Files</Filter>
    </ClCompile>
    <ClCompile Include="..\bento\DynValus.c">
      <Filter>Source Files</Filter>
    </ClCompile>
    <ClCompile Include="..\bento\FreeSpce.c">
      <Filter>Source Files</Filter>
    </ClCompile>
    <ClCompile Include="..\bento\GlbNames.c">
      <Filter>Source Files</Filter>
    </ClCompile>
    <ClCompile Include="..\bento\Handlers.c">
      <Filter>Source Files</Filter>
    </ClCompile>
    <ClCompile Include="..\jpeg\jbsmooth.c">
      <Filter>Source Files</Filter>
    </ClCompile>
    <ClCompile Include="..\jpeg\jcarith.c">
      <Filter>Source Files</Filter>
    </ClCompile>
    <ClCompile Include="..\jpeg\jccolor.c">
      <Filter>Source Files</Filter>
    </ClCompile>
    <ClCompile Include="..\jpeg\jcdeflts.c">
      <Filter>Source Files</Filter>
    </ClCompile>
    <ClCompile Include="..\jpeg\jcexpand.c">
      <Filter>Source Files</Filter>
    </ClCompile>
    <ClCompile Include="..\jpeg\jchuff.c">
      <Filter>Source Files</Filter>
    </ClCompile>
    <ClCompile Include="..\jpeg\jcmaster.c">
      <Filter>Source Files</Filter>
    </ClCompile>
    <ClCompile Include="..\jpeg\jcmcu.c">
      <Filter>Source Files</Filter>
    </ClCompile>
    <ClCompile Include="..\jpeg\jcpipe.c">
      <Filter>Source Files</Filter>
    </ClCompile>
    <ClCompile Include="..\jpeg\jcsample.c">
      <Filter>Source Files</Filter>
    </ClCompile>
    <ClCompile Include="..\jpeg\jdarith.c">
      <Filter>Source Files</Filter>
    </ClCompile>
    <ClCompile Include="..\jpeg\jdcolor.c">
      <Filter>Source Files</Filter>
    </ClCompile>
    <ClCompile Include="..\jpeg\jddeflts.c">
      <Filter>Source Files</Filter>
    </ClCompile>
    <ClCompile Include="..\jpeg\jdhuff.c">
      <Filter>Source Files</Filter>
    </ClCompile>
    <ClCompile Include="..\jpeg\jdmaster.c">
      <Filter>Source Files</Filter>
    </ClCompile>
    <ClCompile Include="..\jpeg\jdmcu.c">
      <Filter>Source Files</Filter>
    </ClCompile>
    <ClCompile Include="..\jpeg\jdpipe.c">
      <Filter>Source Files</Filter>
    </ClCompile>
    <ClCompile Include="..\jpeg\jdsample.c">
      <Filter>Source Files</Filter>
    </ClCompile>
    <ClCompile Include="..\jpeg\jerror.c">
      <Filter>Source Files</Filter>
    </ClCompile>
    <ClCompile Include="..\jpeg\jfwddct.c">
      <Filter>Source Files</Filter>
    </ClCompile>
    <ClCompile Include="..\jpeg\jmemmgr.c">
      <Filter>Source Files</Filter>
    </ClCompile>
    <ClCompile Include="..\jpeg\jmemsys.c">
      <Filter>Source Files</Filter>
    </ClCompile>
    <ClCompile Include="..\jpeg\jquant1.c">
      <Filter>Source Files</Filter>
    </ClCompile>
    <ClCompile Include="..\jpeg\jquant2.c">
      <Filter>Source Files</Filter>
    </ClCompile>
    <ClCompile Include="..\jpeg\jrevdct.c">
      <Filter>Source Files</Filter>
    </ClCompile>
    <ClCompile Include="..\jpeg\jutils.c">
      <Filter>Source Files</Filter>
    </ClCompile>
    <ClCompile Include="..\bento\ListMgr.c">
      <Filter>Source Files</Filter>
    </ClCompile>
    <ClCompile Include="..\bento\oldtoc.c">
      <Filter>Source Files</Filter>
    </ClCompile>
    <ClCompile Include="..\kitomfi\omAcces.c">
      <Filter>Source Files</Filter>
    </ClCompile>
    <ClCompile Include="..\kitomfi\omcAIFF.c">
      <Filter>Source Files</Filter>
    </ClCompile>
    <ClCompile Include="..\avidjpg\omcAvidJFIF.c">
      <Filter>Source Files</Filter>
    </ClCompile>
    <ClCompile Include="..\avidjpg\omcAvJPED.c">
      <Filter>Source Files</Filter>
    </ClCompile>
    <ClCompile Include="..\avidjpg\omcAVR.c">
      <Filter>Source Files</Filter>
    </ClCompile>
    <ClCompile Include="..\kitomfi\omcCDCI.c">
      <Filter>Source Files</Filter>
    </ClCompile>
    <ClCompile Include="..\kitomfi\omCheck.c">
      <Filter>Source Files</Filter>
    </ClCompile>
    <ClCompile Include="..\kitomfi\omcJPEG.c">
      <Filter>Source Files</Filter>
    </ClCompile>
    <ClCompile Include="..\kitomfi\omCodec.c">
      <Filter>Source Files</Filter>
    </ClCompile>
    <ClCompile Include="..\kitomfi\omCompos.c">
      <Filter>Source Files</Filter>
    </ClCompile>
    <ClCompile Include="..\kitomfi\omcRGBA.c">
      <Filter>Source Files</Filter>
    </ClCompile>
    <ClCompile Include="..\kitomfi\omcStd.c">
      <Filter>Source Files</Filter>
    </ClCompile>
    <ClCompile Include="..\kitomfi\omcStrm.c">
      <Filter>Source Files</Filter>
    </ClCompile>
    <ClCompile Include="..\kitomfi\omcTIFF.c">
      <Filter>Source Files</Filter>
    </ClCompile>
    <ClCompile Include="..\kitomfi\omCvt.c">
      <Filter>Source Files</Filter>
    </ClCompile>
    <ClCompile Include="..\kitomfi\omcWAVE.c">
      <Filter>Source Files</Filter>
    </ClCompile>
    <ClCompile Include="..\kitomfi\omcXlate.c">
      <Filter>Source Files</Filter>
    </ClCompile>
    <ClCompile Include="..\kitomfi\omEffect.c">
      <Filter>Source Files</Filter>
    </ClCompile>
    <ClCompile Include="..\kitomfi\omErr.c">
      <Filter>Source Files</Filter>
    </ClCompile>
    <ClCompile Include="..\kitomfi\omfansic.c">
      <Filter>Source Files</Filter>
    </ClCompile>
    <ClCompile Include="..\kitomfi\omFile.c">
      <Filter>Source Files</Filter>
    </ClCompile>
    <ClCompile Include="..\kitomfi\omFndSrc.c">
      <Filter>Source Files</Filter>
    </ClCompile>
    <ClCompile Include="..\kitomfi\omfsess.c">
      <Filter>Source Files</Filter>
    </ClCompile>
    <ClCompile Include="..\kitomfi\omIEEE.c">
      <Filter>Source Files</Filter>
    </ClCompile>
    <ClCompile Include="..\kitomfi\omJFIF.c">
      <Filter>Source Files</Filter>
    </ClCompile>
    <ClCompile Include="..\avidjpg\omJPED.c">
      <Filter>Source Files</Filter>
    </ClCompile>
    <ClCompile Include="..\kitomfi\omJPEG.c">
      <Filter>Source Files</Filter>
    </ClCompile>
    <ClCompile Include="..\kitomfi\omLocate.c">
      <Filter>Source Files</Filter>
    </ClCompile>
    <ClCompile Include="..\kitomfi\omMedia.c">
      <Filter>Source Files</Filter>
    </ClCompile>
    <ClCompile Include="..\kitomfi\omMedObj.c">
      <Filter>Source Files</Filter>
    </ClCompile>
    <ClCompile Include="..\kitomfi\omMobBld.c">
      <Filter>Source Files</Filter>
    </ClCompile>
    <ClCompile Include="..\kitomfi\omMobGet.c">
      <Filter>Source Files</Filter>
    </ClCompile>
    <ClCompile Include="..\kitomfi\omMobMgt.c">
      <Filter>Source Files</Filter>
    </ClCompile>
    <ClCompile Include="..\kitomfi\omSearch.c">
      <Filter>Source Files</Filter>
    </ClCompile>
    <ClCompile Include="..\kitomfi\omTable.c">
      <Filter>Source Files</Filter>
    </ClCompile>
    <ClCompile Include="..\kitomfi\omUtils.c">
      <Filter>Source Files</Filter>
    </ClCompile>
    <ClCompile Include="..\bento\SymTbMgr.c">
      <Filter>Source Files</Filter>
    </ClCompile>
    <ClCompile Include="..\bento\TOCEnts.c">
      <Filter>Source Files</Filter>
    </ClCompile>
    <ClCompile Include="..\bento\TOCIO.c">
      <Filter>Source Files</Filter>
    </ClCompile>
    <ClCompile Include="..\bento\TOCObjs.c">
      <Filter>Source Files</Filter>
    </ClCompile>
    <ClCompile Include="..\bento\Update.c">
      <Filter>Source Files</Filter>
    </ClCompile>
    <ClCompile Include="..\bento\Utility.c">
      <Filter>Source Files</Filter>
    </ClCompile>
    <ClCompile Include="..\bento\Values.c">
      <Filter>Source Files</Filter>
    </ClCompile>
  </ItemGroup>
  <ItemGroup>
    <ClInclude Include="..\avidjpg\AUNC.h">
      <Filter>Header Files</Filter>
    </ClInclude>
    <ClInclude Include="..\avidjpg\AUNCp.h">
      <Filter>Header Files</Filter>
    </ClInclude>
    <ClInclude Include="..\avidjpg\AVR1.h">
      <Filter>Header Files</Filter>
    </ClInclude>
    <ClInclude Include="..\avidjpg\AVR12.h">
      <Filter>Header Files</Filter>
    </ClInclude>
    <ClInclude Include="..\avidjpg\AVR1e.h">
      <Filter>Header Files</Filter>
    </ClInclude>
    <ClInclude Include="..\avidjpg\AVR2.h">
      <Filter>Header Files</Filter>
    </ClInclude>
    <ClInclude Include="..\avidjpg\AVR25.h">
      <Filter>Header Files</Filter>
    </ClInclude>
    <ClInclude Include="..\avidjpg\AVR26.h">
      <Filter>Header Files</Filter>
    </ClInclude>
    <ClInclude Include="..\avidjpg\AVR27.h">
      <Filter>Header Files</Filter>
    </ClInclude>
    <ClInclude Include="..\avidjpg\AVR2e.h">
      <Filter>Header Files</Filter>
    </ClInclude>
    <ClInclude Include="..\avidjpg\AVR2m.h">
      <Filter>Header Files</Filter>
    </ClInclude>
    <ClInclude Include="..\avidjpg\AVR2s.h">
      <Filter>Header Files</Filter>
    </ClInclude>
    <ClInclude Include="..\avidjpg\AVR3.h">
      <Filter>Header Files</Filter>
    </ClInclude>
    <ClInclude Include="..\avidjpg\AVR3e.h">
      <Filter>Header Files</Filter>
    </ClInclude>
    <ClInclude Include="..\avidjpg\AVR3m.h">
      <Filter>Header Files</Filter>
    </ClInclude>
    <ClInclude Include="..\avidjpg\AVR3s.h">
      <Filter>Header Files</Filter>
    </ClInclude>
    <ClInclude Include="..\avidjpg\AVR4.h">
      <Filter>Header Files</Filter>
    </ClInclude>
    <ClInclude Include="..\avidjpg\AVR4e.h">
      <Filter>Header Files</Filter>
    </ClInclude>
    <ClInclude Include="..\avidjpg\AVR4m.h">
      <Filter>Header Files</Filter>
    </ClInclude>
    <ClInclude Include="..\avidjpg\AVR4s.h">
      <Filter>Header Files</Filter>
    </ClInclude>
    <ClInclude Include="..\avidjpg\AVR5.h">
      <Filter>Header Files</Filter>
    </ClInclude>
    <ClInclude Include="..\avidjpg\AVR5e.h">
      <Filter>Header Files</Filter>
    </ClInclude>
    <ClInclude Include="..\avidjpg\AVR5m.h">
      <Filter>Header Files</Filter>
    </ClInclude>
    <ClInclude Include="..\avidjpg\AVR6e.h">
      <Filter>Header Files</Filter>
    </ClInclude>
    <ClInclude Include="..\avidjpg\AVR6m.h">
      <Filter>Header Files</Filter>
    </ClInclude>
    <ClInclude Include="..\avidjpg\AVR6s.h">
      <Filter>Header Files</Filter>
    </ClInclude>
    <ClInclude Include="..\avidjpg\AVR70.h">
      <Filter>Header Files</Filter>
    </ClInclude>
    <ClInclude Include="..\avidjpg\AVR71.h">
      <Filter>Header Files</Filter>
    </ClInclude>
    <ClInclude Include="..\avidjpg\AVR75.h">
      <Filter>Header Files</Filter>
    </ClInclude>
    <ClInclude Include="..\avidjpg\AVR77.h">
      <Filter>Header Files</Filter>
    </ClInclude>
    <ClInclude Include="..\avidjpg\AVR8s.h">
      <Filter>Header Files</Filter>
    </ClInclude>
    <ClInclude Include="..\avidjpg\AVR9s.h">
      <Filter>Header Files</Filter>
    </ClInclude>
    <ClInclude Include="..\avidjpg\AVRJFIF100S.h">
      <Filter>Header Files</Filter>
    </ClInclude>
    <ClInclude Include="..\avidjpg\AVRJFIF12S.h">
      <Filter>Header Files</Filter>
    </ClInclude>
    <ClInclude Include="..\avidjpg\AVRJFIF200.h">
      <Filter>Header Files</Filter>
    </ClInclude>
    <ClInclude Include="..\avidjpg\AVRJFIF200p.h">
      <Filter>Header Files</Filter>
    </ClInclude>
    <ClInclude Include="..\avidjpg\AVRJFIF20p.h">
      <Filter>Header Files</Filter>
    </ClInclude>
    <ClInclude Include="..\avidjpg\AVRJFIF25p.h">
      <Filter>Header Files</Filter>
    </ClInclude>
    <ClInclude Include="..\avidjpg\AVRJFIF300.h">
      <Filter>Header Files</Filter>
    </ClInclude>
    <ClInclude Include="..\avidjpg\AVRJFIF300p.h">
      <Filter>Header Files</Filter>
    </ClInclude>
    <ClInclude Include="..\avidjpg\AVRJFIF35.h">
      <Filter>Header Files</Filter>
    </ClInclude>
    <ClInclude Include="..\avidjpg\AVRJFIF50p.h">
      <Filter>Header Files</Filter>
    </ClInclude>
    <ClInclude Include="..\avidjpg\AVRJFIF50S.h">
      <Filter>Header Files</Filter>
    </ClInclude>
    <ClInclude Include="..\avidjpg\AVRJFIF70.h">
      <Filter>Header Files</Filter>
    </ClInclude>
    <ClInclude Include="..\avidjpg\avrPvt.h">
      <Filter>Header Files</Filter>
    </ClInclude>
    <ClInclude Include="..\avidjpg\avrs.h">
      <Filter>Header Files</Filter>
    </ClInclude>
    <ClInclude Include="..\portinc\masterhd.h">
      <Filter>Header Files</Filter>
    </ClInclude>
    <ClInclude Include="..\kitomfi\omcAIFF.h">
      <Filter>Header Files</Filter>
    </ClInclude>
    <ClInclude Include="..\avidjpg\omcAvidJFIF.h">
      <Filter>Header Files</Filter>
    </ClInclude>
    <ClInclude Include="..\avidjpg\omcAvJPED.h">
      <Filter>Header Files</Filter>
    </ClInclude>
    <ClInclude Include="..\avidjpg\omcAVR.h">
      <Filter>Header Files</Filter>
    </ClInclude>
    <ClInclude Include="..\kitomfi\omcCDCI.h">
      <Filter>Header Files</Filter>
    </ClInclude>
    <ClInclude Include="..\kitomfi\omcJPEG.h">
      <Filter>Header Files</Filter>
    </ClInclude>
    <ClInclude Include="..\kitomfi\omCntPvt.h">
      <Filter>Header Files</Filter>
    </ClInclude>
    <ClInclude Include="..\include\omCodCmn.h">
      <Filter>Header Files</Filter>
    </ClInclude>
    <ClInclude Include="..\kitomfi\omCodec.h">
      <Filter>Header Files</Filter>
    </ClInclude>
    <ClInclude Include="..\include\omCodId.h">
      <Filter>Header Files</Filter>
    </ClInclude>
    <ClInclude Include="..\include\omCompos.h">
      <Filter>Header Files</Filter>
    </ClInclude>
    <ClInclude Include="..\kitomfi\omcRGBA.h">
      <Filter>Header Files</Filter>
    </ClInclude>
    <ClInclude Include="..\kitomfi\omcStd.h">
      <Filter>Header Files</Filter>
    </ClInclude>
    <ClInclude Include="..\kitomfi\omcStrm.h">
      <Filter>Header Files</Filter>
    </ClInclude>
    <ClInclude Include="..\kitomfi\omcTIFF.h">
      <Filter>Header Files</Filter>
    </ClInclude>
    <ClInclude Include="..\include\omCvt.h">
      <Filter>Header Files</Filter>
    </ClInclude>
    <ClInclude Include="..\kitomfi\omcWAVE.h">
      <Filter>Header Files</Filter>
    </ClInclude>
    <ClInclude Include="..\include\omDefs.h">
      <Filter>Header Files</Filter>
    </ClInclude>
    <ClInclude Include="..\include\omEffect.h">
      <Filter>Header Files</Filter>
    </ClInclude>
    <ClInclude Include="..\include\omErr.h">
      <Filter>Header Files</Filter>
    </ClInclude>
    <ClInclude Include="..\kitomfi\OMFAnsiC.h">
      <Filter>Header Files</Filter>
    </ClInclude>
    <ClInclude Include="..\include\omFile.h">
      <Filter>Header Files</Filter>
    </ClInclude>
    <ClInclude Include="..\kitomfi\omJPEG.h">
      <Filter>Header Files</Filter>
    </ClInclude>
    <ClInclude Include="..\kitomfi\omLocate.h">
      <Filter>Header Files</Filter>
    </ClInclude>
    <ClInclude Include="..\include\omMedia.h">
      <Filter>Header Files</Filter>
    </ClInclude>
    <ClInclude Include="..\include\omMobBld.h">
      <Filter>Header Files</Filter>
    </ClInclude>
    <ClInclude Include="..\include\omMobGet.h">
      <Filter>Header Files</Filter>
    </ClInclude>
    <ClInclude Include="..\include\omMobMgt.h">
      <Filter>Header Files</Filter>
    </ClInclude>
    <ClInclude Include="..\include\omPublic.h">
      <Filter>Header Files</Filter>
    </ClInclude>
    <ClInclude Include="..\kitomfi\omPvt.h">
      <Filter>Header Files</Filter>
    </ClInclude>
    <ClInclude Include="..\kitomfi\omTable.h">
      <Filter>Header Files</Filter>
    </ClInclude>
    <ClInclude Include="..\include\omTypes.h">
      <Filter>Header Files</Filter>
    </ClInclude>
    <ClInclude Include="..\include\omUtils.h">
      <Filter>Header Files</Filter>
    </ClInclude>
    <ClInclude Include="..\portinc\portkey.h">
      <Filter>Header Files</Filter>
    </ClInclude>
    <ClInclude Include="..\portinc\portmacs.h">
      <Filter>Header Files</Filter>
    </ClInclude>
    <ClInclude Include="..\portinc\portvars.h">
      <Filter>Header Files</Filter>
    </ClInclude>
  </ItemGroup>
</Project>