
Microsoft Visual Studio Solution File, Format Version 11.00
# Visual Studio 2010
Project("{8BC9CEB8-8B4A-11D0-8D11-00A0C91BC942}") = "omfinfo2", "omfinfo2.vcxproj", "{3FFF67F9-E9B5-44FA-8836-A88BEC7A5091}"
EndProject
Project("{8BC9CEB8-8B4A-11D0-8D11-00A0C91BC942}") = "omfAPlay", "omfAPlay.vcxproj", "{F0E047C1-D5A7-4CDB-BE9C-42B34F261A18}"
EndProject
Project("{8BC9CEB8-8B4A-11D0-8D11-00A0C91BC942}") = "mkabgr", "mkabgr.vcxproj", "{C68AB39D-C7ED-4A60-BF67-8EF8E5120CC9}"
EndProject
Project("{8BC9CEB8-8B4A-11D0-8D11-00A0C91BC942}") = "mkavr", "mkavr.vcxproj", "{2AF3CAEC-5D1B-4761-B7DE-E5C0E6713EFC}"
EndProject
Project("{8BC9CEB8-8B4A-11D0-8D11-00A0C91BC942}") = "omf2edl", "omf2edl.vcxproj", "{B6C664C7-F540-4C25-8CAE-2D5E5FA38671}"
EndProject
Project("{8BC9CEB8-8B4A-11D0-8D11-00A0C91BC942}") = "omfToolkit", "omfToolkit.vcxproj", "{5AD407DA-96A8-4C4C-ADF0-326412D11D4E}"
EndProject
Project("{8BC9CEB8-8B4A-11D0-8D11-00A0C91BC942}") = "omfVplay", "omfVplay.vcxproj", "{CB57548F-00F6-4D15-BAA5-C672DD91FCD8}"
EndProject
Project("{8BC9CEB8-8B4A-11D0-8D11-00A0C91BC942}") = "omfcheck", "omfcheck.vcxproj", "{322B9B3D-C017-4EC8-AA00-A222671EA110}"
EndProject
Project("{8BC9CEB8-8B4A-11D0-8D11-00A0C91BC942}") = "omfdump", "omfdump.vcxproj", "{35F12D1D-827E-43C7-B5E3-83956CBCFDDA}"
EndProject
Project("{8BC9CEB8-8B4A-11D0-8D11-00A0C91BC942}") = "omfvcopy", "omfvcopy.vcxproj", "{618EB3F7-6699-4590-8038-499138BFF7F0}"
EndProject
Project("{8BC9CEB8-8B4A-11D0-8D11-00A0C91BC942}") = "unittest", "unittest.vcxproj", "{59655CC4-E04D-4DD4-BAF7-2976401CF4FA}"
EndProject
Global
	GlobalSection(SolutionConfigurationPlatforms) = preSolution
		Debug|Win32 = Debug|Win32
		Debug|x64 = Debug|x64
		Release|Win32 = Release|Win32
		Release|x64 = Release|x64
	EndGlobalSection
	GlobalSection(ProjectConfigurationPlatforms) = postSolution
		{3FFF67F9-E9B5-44FA-8836-A88BEC7A5091}.Debug|Win32.ActiveCfg = Debug|Win32
		{3FFF67F9-E9B5-44FA-8836-A88BEC7A5091}.Debug|Win32.Build.0 = Debug|Win32
		{3FFF67F9-E9B5-44FA-8836-A88BEC7A5091}.Debug|x64.ActiveCfg = Debug|x64
		{3FFF67F9-E9B5-44FA-8836-A88BEC7A5091}.Debug|x64.Build.0 = Debug|x64
		{3FFF67F9-E9B5-44FA-8836-A88BEC7A5091}.Release|Win32.ActiveCfg = Release|Win32
		{3FFF67F9-E9B5-44FA-8836-A88BEC7A5091}.Release|Win32.Build.0 = Release|Win32
		{3FFF67F9-E9B5-44FA-8836-A88BEC7A5091}.Release|x64.ActiveCfg = Release|x64
		{3FFF67F9-E9B5-44FA-8836-A88BEC7A5091}.Release|x64.Build.0 = Release|x64
		{F0E047C1-D5A7-4CDB-BE9C-42B34F261A18}.Debug|Win32.ActiveCfg = Debug|Win32
		{F0E047C1-D5A7-4CDB-BE9C-42B34F261A18}.Debug|Win32.Build.0 = Debug|Win32
		{F0E047C1-D5A7-4CDB-BE9C-42B34F261A18}.Debug|x64.ActiveCfg = Debug|x64
		{F0E047C1-D5A7-4CDB-BE9C-42B34F261A18}.Debug|x64.Build.0 = Debug|x64
		{F0E047C1-D5A7-4CDB-BE9C-42B34F261A18}.Release|Win32.ActiveCfg = Debug|Win32
		{F0E047C1-D5A7-4CDB-BE9C-42B34F261A18}.Release|Win32.Build.0 = Debug|Win32
		{F0E047C1-D5A7-4CDB-BE9C-42B34F261A18}.Release|x64.ActiveCfg = Debug|x64
		{F0E047C1-D5A7-4CDB-BE9C-42B34F261A18}.Release|x64.Build.0 = Debug|x64
		{C68AB39D-C7ED-4A60-BF67-8EF8E5120CC9}.Debug|Win32.ActiveCfg = Debug|Win32
		{C68AB39D-C7ED-4A60-BF67-8EF8E5120CC9}.Debug|Win32.Build.0 = Debug|Win32
		{C68AB39D-C7ED-4A60-BF67-8EF8E5120CC9}.Debug|x64.ActiveCfg = Debug|x64
		{C68AB39D-C7ED-4A60-BF67-8EF8E5120CC9}.Debug|x64.Build.0 = Debug|x64
		{C68AB39D-C7ED-4A60-BF67-8EF8E5120CC9}.Release|Win32.ActiveCfg = Release|Win32
		{C68AB39D-C7ED-4A60-BF67-8EF8E5120CC9}.Release|Win32.Build.0 = Release|Win32
		{C68AB39D-C7ED-4A60-BF67-8EF8E5120CC9}.Release|x64.ActiveCfg = Release|x64
		{C68AB39D-C7ED-4A60-BF67-8EF8E5120CC9}.Release|x64.Build.0 = Release|x64
		{2AF3CAEC-5D1B-4761-B7DE-E5C0E6713EFC}.Debug|Win32.ActiveCfg = Debug|Win32
		{2AF3CAEC-5D1B-4761-B7DE-E5C0E6713EFC}.Debug|Win32.Build.0 = Debug|Win32
		{2AF3CAEC-5D1B-4761-B7DE-E5C0E6713EFC}.Debug|x64.ActiveCfg = Debug|x64
		{2AF3CAEC-5D1B-4761-B7DE-E5C0E6713EFC}.Debug|x64.Build.0 = Debug|x64
		{2AF3CAEC-5D1B-4761-B7DE-E5C0E6713EFC}.Release|Win32.ActiveCfg = Release|Win32
		{2AF3CAEC-5D1B-4761-B7DE-E5C0E6713EFC}.Release|Win32.Build.0 = Release|Win32
		{2AF3CAEC-5D1B-4761-B7DE-E5C0E6713EFC}.Release|x64.ActiveCfg = Release|x64
		{2AF3CAEC-5D1B-4761-B7DE-E5C0E6713EFC}.Release|x64.Build.0 = Release|x64
		{B6C664C7-F540-4C25-8CAE-2D5E5FA38671}.Debug|Win32.ActiveCfg = Debug|Win32
		{B6C664C7-F540-4C25-8CAE-2D5E5FA38671}.Debug|Win32.Build.0 = Debug|Win32
		{B6C664C7-F540-4C25-8CAE-2D5E5FA38671}.Debug|x64.ActiveCfg = Debug|x64
		{B6C664C7-F540-4C25-8CAE-2D5E5FA38671}.Debug|x64.Build.0 = Debug|x64
		{B6C664C7-F540-4C25-8CAE-2D5E5FA38671}.Release|Win32.ActiveCfg = Release|Win32
		{B6C664C7-F540-4C25-8CAE-2D5E5FA38671}.Release|Win32.Build.0 = Release|Win32
		{B6C664C7-F540-4C25-8CAE-2D5E5FA38671}.Release|x64.ActiveCfg = Release|x64
		{B6C664C7-F540-4C25-8CAE-2D5E5FA38671}.Release|x64.Build.0 = Release|x64
		{5AD407DA-96A8-4C4C-ADF0-326412D11D4E}.Debug|Win32.ActiveCfg = Debug|Win32
		{5AD407DA-96A8-4C4C-ADF0-326412D11D4E}.Debug|Win32.Build.0 = Debug|Win32
		{5AD407DA-96A8-4C4C-ADF0-326412D11D4E}.Debug|x64.ActiveCfg = Debug|x64
		{5AD407DA-96A8-4C4C-ADF0-326412D11D4E}.Debug|x64.Build.0 = Debug|x64
		{5AD407DA-96A8-4C4C-ADF0-326412D11D4E}.Release|Win32.ActiveCfg = Release|Win32
		{5AD407DA-96A8-4C4C-ADF0-326412D11D4E}.Release|Win32.Build.0 = Release|Win32
		{5AD407DA-96A8-4C4C-ADF0-326412D11D4E}.Release|x64.ActiveCfg = Release|x64
		{5AD407DA-96A8-4C4C-ADF0-326412D11D4E}.Release|x64.Build.0 = Release|x64
		{CB57548F-00F6-4D15-BAA5-C672DD91FCD8}.Debug|Win32.ActiveCfg = Debug|Win32
		{CB57548F-00F6-4D15-BAA5-C672DD91FCD8}.Debug|Win32.Build.0 = Debug|Win32
		{CB57548F-00F6-4D15-BAA5-C672DD91FCD8}.Debug|x64.ActiveCfg = Debug|x64
		{CB57548F-00F6-4D15-BAA5-C672DD91FCD8}.Debug|x64.Build.0 = Debug|x64
		{CB57548F-00F6-4D15-BAA5-C672DD91FCD8}.Release|Win32.ActiveCfg = Release|Win32
		{CB57548F-00F6-4D15-BAA5-C672DD91FCD8}.Release|Win32.Build.0 = Release|Win32
		{CB57548F-00F6-4D15-BAA5-C672DD91FCD8}.Release|x64.ActiveCfg = Release|x64
		{CB57548F-00F6-4D15-BAA5-C672DD91FCD8}.Release|x64.Build.0 = Release|x64
		{322B9B3D-C017-4EC8-AA00-A222671EA110}.Debug|Win32.ActiveCfg = Debug|Win32
		{322B9B3D-C017-4EC8-AA00-A222671EA110}.Debug|Win32.Build.0 = Debug|Win32
		{322B9B3D-C017-4EC8-AA00-A222671EA110}.Debug|x64.ActiveCfg = Debug|x64
		{322B9B3D-C017-4EC8-AA00-A222671EA110}.Debug|x64.Build.0 = Debug|x64
		{322B9B3D-C017-4EC8-AA00-A222671EA110}.Release|Win32.ActiveCfg = Release|Win32
		{322B9B3D-C017-4EC8-AA00-A222671EA110}.Release|Win32.Build.0 = Release|Win32
		{322B9B3D-C017-4EC8-AA00-A222671EA110}.Release|x64.ActiveCfg = Release|x64
		{322B9B3D-C017-4EC8-AA00-A222671EA110}.Release|x64.Build.0 = Release|x64
		{35F12D1D-827E-43C7-B5E3-83956CBCFDDA}.Debug|Win32.ActiveCfg = Debug|Win32
		{35F12D1D-827E-43C7-B5E3-83956CBCFDDA}.Debug|Win32.Build.0 = Debug|Win32
		{35F12D1D-827E-43C7-B5E3-83956CBCFDDA}.Debug|x64.ActiveCfg = Debug|x64
		{35F12D1D-827E-43C7-B5E3-83956CBCFDDA}.Debug|x64.Build.0 = Debug|x64
		{35F12D1D-827E-43C7-B5E3-83956CBCFDDA}.Release|Win32.ActiveCfg = Release|Win32
		{35F12D1D-827E-43C7-B5E3-83956CBCFDDA}.Release|Win32.Build.0 = Release|Win32
		{35F12D1D-827E-43C7-B5E3-83956CBCFDDA}.Release|x64.ActiveCfg = Release|x64
		{35F12D1D-827E-43C7-B5E3-83956CBCFDDA}.Release|x64.Build.0 = Release|x64
		{618EB3F7-6699-4590-8038-499138BFF7F0}.Debug|Win32.ActiveCfg = Debug|Win32
		{618EB3F7-6699-4590-8038-499138BFF7F0}.Debug|Win32.Build.0 = Debug|Win32
		{618EB3F7-6699-4590-8038-499138BFF7F0}.Debug|x64.ActiveCfg = Debug|x64
		{618EB3F7-6699-4590-8038-499138BFF7F0}.Debug|x64.Build.0 = Debug|x64
		{618EB3F7-6699-4590-8038-499138BFF7F0}.Release|Win32.ActiveCfg = Release|Win32
		{618EB3F7-6699-4590-8038-499138BFF7F0}.Release|Win32.Build.0 = Release|Win32
		{618EB3F7-6699-4590-8038-499138BFF7F0}.Release|x64.ActiveCfg = Release|x64
		{618EB3F7-6699-4590-8038-499138BFF7F0}.Release|x64.Build.0 = Release|x64
		{59655CC4-E04D-4DD4-BAF7-2976401CF4FA}.Debug|Win32.ActiveCfg = Debug|Win32
		{59655CC4-E04D-4DD4-BAF7-2976401CF4FA}.Debug|Win32.Build.0 = Debug|Win32
		{59655CC4-E04D-4DD4-BAF7-2976401CF4FA}.Debug|x64.ActiveCfg = Debug|x64
		{59655CC4-E04D-4DD4-BAF7-2976401CF4FA}.Debug|x64.Build.0 = Debug|x64
		{59655CC4-E04D-4DD4-BAF7-2976401CF4FA}.Release|Win32.ActiveCfg = Release|Win32
		{59655CC4-E04D-4DD4-BAF7-2976401CF4FA}.Release|Win32.Build.0 = Release|Win32
		{59655CC4-E04D-4DD4-BAF7-2976401CF4FA}.Release|x64.ActiveCfg = Release|x64
		{59655CC4-E04D-4DD4-BAF7-2976401CF4FA}.Release|x64.Build.0 = Release|x64
	EndGlobalSection
	GlobalSection(SolutionProperties) = preSolution
		HideSolutionNode = FALSE
	EndGlobalSection
EndGlobal
